// !$*UTF8*$!
{
	archiveVersion = 1;
	classes = {
	};
	objectVersion = 46;
	objects = {

/* Begin PBXBuildFile section */
		077ACA6A1CBD6B4300B3A708 /* UIKit.framework in Frameworks */ = {isa = PBXBuildFile; fileRef = 077ACA691CBD6B4300B3A708 /* UIKit.framework */; };
		077ACA6C1CBD6B5800B3A708 /* CoreGraphics.framework in Frameworks */ = {isa = PBXBuildFile; fileRef = 077ACA6B1CBD6B5800B3A708 /* CoreGraphics.framework */; };
		1899D26B18BD1CFB0035A1B0 /* FBShimmeringView.m in Sources */ = {isa = PBXBuildFile; fileRef = 1899D26718BD1CFB0035A1B0 /* FBShimmeringView.m */; };
		1899D26C18BD1CFB0035A1B0 /* FBShimmeringLayer.m in Sources */ = {isa = PBXBuildFile; fileRef = 1899D26918BD1CFB0035A1B0 /* FBShimmeringLayer.m */; };
		1899D27418BD201B0035A1B0 /* FBShimmering.h in CopyFiles */ = {isa = PBXBuildFile; fileRef = 1899D26D18BD1D070035A1B0 /* FBShimmering.h */; };
		1899D27518BD201B0035A1B0 /* FBShimmeringView.h in CopyFiles */ = {isa = PBXBuildFile; fileRef = 1899D26818BD1CFB0035A1B0 /* FBShimmeringView.h */; };
		1899D27618BD201B0035A1B0 /* FBShimmeringLayer.h in CopyFiles */ = {isa = PBXBuildFile; fileRef = 1899D26A18BD1CFB0035A1B0 /* FBShimmeringLayer.h */; };
		A1C8E0BF1E13C0C9002D6069 /* Shimmer.h in Headers */ = {isa = PBXBuildFile; fileRef = A1C8E0BD1E13C0C9002D6069 /* Shimmer.h */; settings = {ATTRIBUTES = (Public, ); }; };
		A1C8E0C31E13C0D3002D6069 /* FBShimmering.h in Headers */ = {isa = PBXBuildFile; fileRef = 1899D26D18BD1D070035A1B0 /* FBShimmering.h */; settings = {ATTRIBUTES = (Public, ); }; };
		A1C8E0C41E13C0D3002D6069 /* FBShimmeringView.h in Headers */ = {isa = PBXBuildFile; fileRef = 1899D26818BD1CFB0035A1B0 /* FBShimmeringView.h */; settings = {ATTRIBUTES = (Public, ); }; };
		A1C8E0C51E13C0D3002D6069 /* FBShimmeringLayer.h in Headers */ = {isa = PBXBuildFile; fileRef = 1899D26A18BD1CFB0035A1B0 /* FBShimmeringLayer.h */; settings = {ATTRIBUTES = (Public, ); }; };
		A1C8E0C61E13C0D8002D6069 /* FBShimmeringView.m in Sources */ = {isa = PBXBuildFile; fileRef = 1899D26718BD1CFB0035A1B0 /* FBShimmeringView.m */; };
		A1C8E0C71E13C0D8002D6069 /* FBShimmeringLayer.m in Sources */ = {isa = PBXBuildFile; fileRef = 1899D26918BD1CFB0035A1B0 /* FBShimmeringLayer.m */; };
		ECEA610218A49C620064AFF4 /* Foundation.framework in Frameworks */ = {isa = PBXBuildFile; fileRef = ECEA610118A49C620064AFF4 /* Foundation.framework */; };
/* End PBXBuildFile section */

/* Begin PBXCopyFilesBuildPhase section */
		ECEA60FC18A49C620064AFF4 /* CopyFiles */ = {
			isa = PBXCopyFilesBuildPhase;
			buildActionMask = 2147483647;
			dstPath = "$(PRODUCT_NAME)Headers";
			dstSubfolderSpec = 16;
			files = (
				1899D27418BD201B0035A1B0 /* FBShimmering.h in CopyFiles */,
				1899D27518BD201B0035A1B0 /* FBShimmeringView.h in CopyFiles */,
				1899D27618BD201B0035A1B0 /* FBShimmeringLayer.h in CopyFiles */,
			);
			runOnlyForDeploymentPostprocessing = 0;
		};
/* End PBXCopyFilesBuildPhase section */

/* Begin PBXFileReference section */
		077ACA691CBD6B4300B3A708 /* UIKit.framework */ = {isa = PBXFileReference; lastKnownFileType = wrapper.framework; name = UIKit.framework; path = System/Library/Frameworks/UIKit.framework; sourceTree = SDKROOT; };
		077ACA6B1CBD6B5800B3A708 /* CoreGraphics.framework */ = {isa = PBXFileReference; lastKnownFileType = wrapper.framework; name = CoreGraphics.framework; path = System/Library/Frameworks/CoreGraphics.framework; sourceTree = SDKROOT; };
		1899D26718BD1CFB0035A1B0 /* FBShimmeringView.m */ = {isa = PBXFileReference; fileEncoding = 4; lastKnownFileType = sourcecode.c.objc; path = FBShimmeringView.m; sourceTree = "<group>"; };
		1899D26818BD1CFB0035A1B0 /* FBShimmeringView.h */ = {isa = PBXFileReference; fileEncoding = 4; lastKnownFileType = sourcecode.c.h; path = FBShimmeringView.h; sourceTree = "<group>"; };
		1899D26918BD1CFB0035A1B0 /* FBShimmeringLayer.m */ = {isa = PBXFileReference; fileEncoding = 4; lastKnownFileType = sourcecode.c.objc; path = FBShimmeringLayer.m; sourceTree = "<group>"; };
		1899D26A18BD1CFB0035A1B0 /* FBShimmeringLayer.h */ = {isa = PBXFileReference; fileEncoding = 4; lastKnownFileType = sourcecode.c.h; path = FBShimmeringLayer.h; sourceTree = "<group>"; };
		1899D26D18BD1D070035A1B0 /* FBShimmering.h */ = {isa = PBXFileReference; fileEncoding = 4; lastKnownFileType = sourcecode.c.h; path = FBShimmering.h; sourceTree = "<group>"; };
		A1C8E0BB1E13C0C9002D6069 /* Shimmer.framework */ = {isa = PBXFileReference; explicitFileType = wrapper.framework; includeInIndex = 0; path = Shimmer.framework; sourceTree = BUILT_PRODUCTS_DIR; };
		A1C8E0BD1E13C0C9002D6069 /* Shimmer.h */ = {isa = PBXFileReference; lastKnownFileType = sourcecode.c.h; path = Shimmer.h; sourceTree = "<group>"; };
		A1C8E0BE1E13C0C9002D6069 /* Info.plist */ = {isa = PBXFileReference; lastKnownFileType = text.plist.xml; path = Info.plist; sourceTree = "<group>"; };
		EC8BB5B318A5A1EE00EB2793 /* LICENSE */ = {isa = PBXFileReference; lastKnownFileType = text; path = LICENSE; sourceTree = "<group>"; };
		EC8BB5B418A5A1F500EB2793 /* PATENTS */ = {isa = PBXFileReference; lastKnownFileType = text; path = PATENTS; sourceTree = "<group>"; };
		EC8BB5B518A5A30700EB2793 /* CONTRIBUTING.md */ = {isa = PBXFileReference; lastKnownFileType = text; path = CONTRIBUTING.md; sourceTree = "<group>"; };
		EC8BB5B618A5A30F00EB2793 /* README.md */ = {isa = PBXFileReference; lastKnownFileType = text; path = README.md; sourceTree = "<group>"; };
		ECEA60FE18A49C620064AFF4 /* libFBShimmering.a */ = {isa = PBXFileReference; explicitFileType = archive.ar; includeInIndex = 0; path = libFBShimmering.a; sourceTree = BUILT_PRODUCTS_DIR; };
		ECEA610118A49C620064AFF4 /* Foundation.framework */ = {isa = PBXFileReference; lastKnownFileType = wrapper.framework; name = Foundation.framework; path = System/Library/Frameworks/Foundation.framework; sourceTree = SDKROOT; };
		ECEA610518A49C620064AFF4 /* FBShimmering-Prefix.pch */ = {isa = PBXFileReference; lastKnownFileType = sourcecode.c.h; path = "FBShimmering-Prefix.pch"; sourceTree = "<group>"; };
/* End PBXFileReference section */

/* Begin PBXFrameworksBuildPhase section */
		A1C8E0B71E13C0C9002D6069 /* Frameworks */ = {
			isa = PBXFrameworksBuildPhase;
			buildActionMask = 2147483647;
			files = (
			);
			runOnlyForDeploymentPostprocessing = 0;
		};
		ECEA60FB18A49C620064AFF4 /* Frameworks */ = {
			isa = PBXFrameworksBuildPhase;
			buildActionMask = 2147483647;
			files = (
				077ACA6C1CBD6B5800B3A708 /* CoreGraphics.framework in Frameworks */,
				077ACA6A1CBD6B4300B3A708 /* UIKit.framework in Frameworks */,
				ECEA610218A49C620064AFF4 /* Foundation.framework in Frameworks */,
			);
			runOnlyForDeploymentPostprocessing = 0;
		};
/* End PBXFrameworksBuildPhase section */

/* Begin PBXGroup section */
		A1C8E0BC1E13C0C9002D6069 /* Framework */ = {
			isa = PBXGroup;
			children = (
				A1C8E0BD1E13C0C9002D6069 /* Shimmer.h */,
				A1C8E0BE1E13C0C9002D6069 /* Info.plist */,
			);
			path = Framework;
			sourceTree = "<group>";
		};
		ECEA60F518A49C620064AFF4 = {
			isa = PBXGroup;
			children = (
				EC8BB5B618A5A30F00EB2793 /* README.md */,
				EC8BB5B518A5A30700EB2793 /* CONTRIBUTING.md */,
				EC8BB5B318A5A1EE00EB2793 /* LICENSE */,
				EC8BB5B418A5A1F500EB2793 /* PATENTS */,
				ECEA610318A49C620064AFF4 /* FBShimmering */,
				A1C8E0BC1E13C0C9002D6069 /* Framework */,
				ECEA610018A49C620064AFF4 /* Frameworks */,
				ECEA60FF18A49C620064AFF4 /* Products */,
			);
			indentWidth = 2;
			sourceTree = "<group>";
			tabWidth = 2;
		};
		ECEA60FF18A49C620064AFF4 /* Products */ = {
			isa = PBXGroup;
			children = (
				ECEA60FE18A49C620064AFF4 /* libFBShimmering.a */,
				A1C8E0BB1E13C0C9002D6069 /* Shimmer.framework */,
			);
			name = Products;
			sourceTree = "<group>";
		};
		ECEA610018A49C620064AFF4 /* Frameworks */ = {
			isa = PBXGroup;
			children = (
				077ACA6B1CBD6B5800B3A708 /* CoreGraphics.framework */,
				077ACA691CBD6B4300B3A708 /* UIKit.framework */,
				ECEA610118A49C620064AFF4 /* Foundation.framework */,
			);
			name = Frameworks;
			sourceTree = "<group>";
		};
		ECEA610318A49C620064AFF4 /* FBShimmering */ = {
			isa = PBXGroup;
			children = (
				1899D26D18BD1D070035A1B0 /* FBShimmering.h */,
				1899D26818BD1CFB0035A1B0 /* FBShimmeringView.h */,
				1899D26718BD1CFB0035A1B0 /* FBShimmeringView.m */,
				1899D26A18BD1CFB0035A1B0 /* FBShimmeringLayer.h */,
				1899D26918BD1CFB0035A1B0 /* FBShimmeringLayer.m */,
				ECEA610418A49C620064AFF4 /* Supporting Files */,
			);
			path = FBShimmering;
			sourceTree = "<group>";
		};
		ECEA610418A49C620064AFF4 /* Supporting Files */ = {
			isa = PBXGroup;
			children = (
				ECEA610518A49C620064AFF4 /* FBShimmering-Prefix.pch */,
			);
			name = "Supporting Files";
			sourceTree = "<group>";
		};
/* End PBXGroup section */

/* Begin PBXHeadersBuildPhase section */
		A1C8E0B81E13C0C9002D6069 /* Headers */ = {
			isa = PBXHeadersBuildPhase;
			buildActionMask = 2147483647;
			files = (
				A1C8E0BF1E13C0C9002D6069 /* Shimmer.h in Headers */,
				A1C8E0C31E13C0D3002D6069 /* FBShimmering.h in Headers */,
				A1C8E0C41E13C0D3002D6069 /* FBShimmeringView.h in Headers */,
				A1C8E0C51E13C0D3002D6069 /* FBShimmeringLayer.h in Headers */,
			);
			runOnlyForDeploymentPostprocessing = 0;
		};
/* End PBXHeadersBuildPhase section */

/* Begin PBXNativeTarget section */
		A1C8E0BA1E13C0C9002D6069 /* Shimmer */ = {
			isa = PBXNativeTarget;
			buildConfigurationList = A1C8E0C01E13C0C9002D6069 /* Build configuration list for PBXNativeTarget "Shimmer" */;
			buildPhases = (
				A1C8E0B61E13C0C9002D6069 /* Sources */,
				A1C8E0B71E13C0C9002D6069 /* Frameworks */,
				A1C8E0B81E13C0C9002D6069 /* Headers */,
				A1C8E0B91E13C0C9002D6069 /* Resources */,
			);
			buildRules = (
			);
			dependencies = (
			);
			name = Shimmer;
			productName = Shimmer;
			productReference = A1C8E0BB1E13C0C9002D6069 /* Shimmer.framework */;
			productType = "com.apple.product-type.framework";
		};
		ECEA60FD18A49C620064AFF4 /* FBShimmering */ = {
			isa = PBXNativeTarget;
			buildConfigurationList = ECEA612118A49C620064AFF4 /* Build configuration list for PBXNativeTarget "FBShimmering" */;
			buildPhases = (
				ECEA60FA18A49C620064AFF4 /* Sources */,
				ECEA60FB18A49C620064AFF4 /* Frameworks */,
				ECEA60FC18A49C620064AFF4 /* CopyFiles */,
				ECEA612718A49DDD0064AFF4 /* ShellScript */,
			);
			buildRules = (
			);
			dependencies = (
			);
			name = FBShimmering;
			productName = FBShimmering;
			productReference = ECEA60FE18A49C620064AFF4 /* libFBShimmering.a */;
			productType = "com.apple.product-type.library.static";
		};
/* End PBXNativeTarget section */

/* Begin PBXProject section */
		ECEA60F618A49C620064AFF4 /* Project object */ = {
			isa = PBXProject;
			attributes = {
				CLASSPREFIX = FB;
				LastUpgradeCheck = 0510;
				ORGANIZATIONNAME = Facebook;
			};
			buildConfigurationList = ECEA60F918A49C620064AFF4 /* Build configuration list for PBXProject "FBShimmering" */;
			compatibilityVersion = "Xcode 3.2";
			developmentRegion = English;
			hasScannedForEncodings = 0;
			knownRegions = (
				en,
			);
			mainGroup = ECEA60F518A49C620064AFF4;
			productRefGroup = ECEA60FF18A49C620064AFF4 /* Products */;
			projectDirPath = "";
			projectRoot = "";
			targets = (
				ECEA60FD18A49C620064AFF4 /* FBShimmering */,
				A1C8E0BA1E13C0C9002D6069 /* Shimmer */,
			);
		};
/* End PBXProject section */

/* Begin PBXResourcesBuildPhase section */
		A1C8E0B91E13C0C9002D6069 /* Resources */ = {
			isa = PBXResourcesBuildPhase;
			buildActionMask = 2147483647;
			files = (
			);
			runOnlyForDeploymentPostprocessing = 0;
		};
/* End PBXResourcesBuildPhase section */

/* Begin PBXShellScriptBuildPhase section */
		ECEA612718A49DDD0064AFF4 /* ShellScript */ = {
			isa = PBXShellScriptBuildPhase;
			buildActionMask = 2147483647;
			files = (
			);
			inputPaths = (
			);
			outputPaths = (
			);
			runOnlyForDeploymentPostprocessing = 0;
			shellPath = /bin/sh;
			shellScript = "set -e\n\nmkdir -p \"${BUILT_PRODUCTS_DIR}/${PRODUCT_NAME}.framework/Versions/A/Headers\"\n\n# Link the \"Current\" version to \"A\"\n/bin/ln -sfh A \"${BUILT_PRODUCTS_DIR}/${PRODUCT_NAME}.framework/Versions/Current\"\n/bin/ln -sfh Versions/Current/Headers \"${BUILT_PRODUCTS_DIR}/${PRODUCT_NAME}.framework/Headers\"\n/bin/ln -sfh \"Versions/Current/${PRODUCT_NAME}\" \"${BUILT_PRODUCTS_DIR}/${PRODUCT_NAME}.framework/${PRODUCT_NAME}\"\n\n# The -a ensures that the headers maintain the source modification date so that we don't constantly\n# cause propagating rebuilds of files that import these headers.\n/bin/cp -a \"${TARGET_BUILD_DIR}/${PUBLIC_HEADERS_FOLDER_PATH}/\" \"${BUILT_PRODUCTS_DIR}/${PRODUCT_NAME}.framework/Versions/A/Headers\"";
		};
/* End PBXShellScriptBuildPhase section */

/* Begin PBXSourcesBuildPhase section */
		A1C8E0B61E13C0C9002D6069 /* Sources */ = {
			isa = PBXSourcesBuildPhase;
			buildActionMask = 2147483647;
			files = (
				A1C8E0C71E13C0D8002D6069 /* FBShimmeringLayer.m in Sources */,
				A1C8E0C61E13C0D8002D6069 /* FBShimmeringView.m in Sources */,
			);
			runOnlyForDeploymentPostprocessing = 0;
		};
		ECEA60FA18A49C620064AFF4 /* Sources */ = {
			isa = PBXSourcesBuildPhase;
			buildActionMask = 2147483647;
			files = (
				1899D26C18BD1CFB0035A1B0 /* FBShimmeringLayer.m in Sources */,
				1899D26B18BD1CFB0035A1B0 /* FBShimmeringView.m in Sources */,
			);
			runOnlyForDeploymentPostprocessing = 0;
		};
/* End PBXSourcesBuildPhase section */

/* Begin XCBuildConfiguration section */
		A1C8E0C11E13C0C9002D6069 /* Debug */ = {
			isa = XCBuildConfiguration;
			buildSettings = {
				CLANG_ANALYZER_NONNULL = YES;
				CLANG_WARN_DOCUMENTATION_COMMENTS = YES;
				CLANG_WARN_INFINITE_RECURSION = YES;
				CLANG_WARN_SUSPICIOUS_MOVE = YES;
				CLANG_WARN_UNREACHABLE_CODE = YES;
				CODE_SIGN_IDENTITY = "";
				"CODE_SIGN_IDENTITY[sdk=iphoneos*]" = "iPhone Developer";
				CURRENT_PROJECT_VERSION = 1;
				DEBUG_INFORMATION_FORMAT = dwarf;
				DEFINES_MODULE = YES;
				DYLIB_COMPATIBILITY_VERSION = 1;
				DYLIB_CURRENT_VERSION = 1;
				DYLIB_INSTALL_NAME_BASE = "@rpath";
				ENABLE_STRICT_OBJC_MSGSEND = YES;
				ENABLE_TESTABILITY = YES;
				GCC_NO_COMMON_BLOCKS = YES;
				GCC_WARN_UNINITIALIZED_AUTOS = YES_AGGRESSIVE;
				INFOPLIST_FILE = Framework/Info.plist;
				INSTALL_PATH = "$(LOCAL_LIBRARY_DIR)/Frameworks";
				IPHONEOS_DEPLOYMENT_TARGET = 8.0;
				LD_RUNPATH_SEARCH_PATHS = "$(inherited) @executable_path/Frameworks @loader_path/Frameworks";
				PRODUCT_BUNDLE_IDENTIFIER = com.facebook.Shimmer;
				PRODUCT_NAME = "$(TARGET_NAME)";
				SKIP_INSTALL = YES;
				TARGETED_DEVICE_FAMILY = "1,2";
				VERSIONING_SYSTEM = "apple-generic";
				VERSION_INFO_PREFIX = "";
			};
			name = Debug;
		};
		A1C8E0C21E13C0C9002D6069 /* Release */ = {
			isa = XCBuildConfiguration;
			buildSettings = {
				CLANG_ANALYZER_NONNULL = YES;
				CLANG_WARN_DOCUMENTATION_COMMENTS = YES;
				CLANG_WARN_INFINITE_RECURSION = YES;
				CLANG_WARN_SUSPICIOUS_MOVE = YES;
				CLANG_WARN_UNREACHABLE_CODE = YES;
				CODE_SIGN_IDENTITY = "";
				"CODE_SIGN_IDENTITY[sdk=iphoneos*]" = "iPhone Developer";
				COPY_PHASE_STRIP = NO;
				CURRENT_PROJECT_VERSION = 1;
				DEBUG_INFORMATION_FORMAT = "dwarf-with-dsym";
				DEFINES_MODULE = YES;
				DYLIB_COMPATIBILITY_VERSION = 1;
				DYLIB_CURRENT_VERSION = 1;
				DYLIB_INSTALL_NAME_BASE = "@rpath";
				ENABLE_STRICT_OBJC_MSGSEND = YES;
				GCC_NO_COMMON_BLOCKS = YES;
				GCC_WARN_UNINITIALIZED_AUTOS = YES_AGGRESSIVE;
				INFOPLIST_FILE = Framework/Info.plist;
				INSTALL_PATH = "$(LOCAL_LIBRARY_DIR)/Frameworks";
				IPHONEOS_DEPLOYMENT_TARGET = 8.0;
				LD_RUNPATH_SEARCH_PATHS = "$(inherited) @executable_path/Frameworks @loader_path/Frameworks";
				PRODUCT_BUNDLE_IDENTIFIER = com.facebook.Shimmer;
				PRODUCT_NAME = "$(TARGET_NAME)";
				TARGETED_DEVICE_FAMILY = "1,2";
				VERSIONING_SYSTEM = "apple-generic";
				VERSION_INFO_PREFIX = "";
			};
			name = Release;
		};
		ECEA611F18A49C620064AFF4 /* Debug */ = {
			isa = XCBuildConfiguration;
			buildSettings = {
				ALWAYS_SEARCH_USER_PATHS = NO;
				CLANG_CXX_LANGUAGE_STANDARD = "gnu++0x";
				CLANG_CXX_LIBRARY = "libc++";
				CLANG_ENABLE_MODULES = YES;
				CLANG_ENABLE_OBJC_ARC = YES;
				CLANG_WARN_BOOL_CONVERSION = YES;
				CLANG_WARN_CONSTANT_CONVERSION = YES;
				CLANG_WARN_DIRECT_OBJC_ISA_USAGE = YES_ERROR;
				CLANG_WARN_EMPTY_BODY = YES;
				CLANG_WARN_ENUM_CONVERSION = YES;
				CLANG_WARN_INT_CONVERSION = YES;
				CLANG_WARN_OBJC_ROOT_CLASS = YES_ERROR;
				CLANG_WARN__DUPLICATE_METHOD_MATCH = YES;
				COPY_PHASE_STRIP = NO;
				GCC_C_LANGUAGE_STANDARD = gnu99;
				GCC_DYNAMIC_NO_PIC = NO;
				GCC_OPTIMIZATION_LEVEL = 0;
				GCC_PREPROCESSOR_DEFINITIONS = (
					"DEBUG=1",
					"$(inherited)",
				);
				GCC_SYMBOLS_PRIVATE_EXTERN = NO;
				GCC_WARN_64_TO_32_BIT_CONVERSION = YES;
				GCC_WARN_ABOUT_RETURN_TYPE = YES_ERROR;
				GCC_WARN_UNDECLARED_SELECTOR = YES;
				GCC_WARN_UNINITIALIZED_AUTOS = YES;
				GCC_WARN_UNUSED_FUNCTION = YES;
				GCC_WARN_UNUSED_VARIABLE = YES;
				IPHONEOS_DEPLOYMENT_TARGET = 6.0;
				ONLY_ACTIVE_ARCH = YES;
				SDKROOT = iphoneos;
			};
			name = Debug;
		};
		ECEA612018A49C620064AFF4 /* Release */ = {
			isa = XCBuildConfiguration;
			buildSettings = {
				ALWAYS_SEARCH_USER_PATHS = NO;
				CLANG_CXX_LANGUAGE_STANDARD = "gnu++0x";
				CLANG_CXX_LIBRARY = "libc++";
				CLANG_ENABLE_MODULES = YES;
				CLANG_ENABLE_OBJC_ARC = YES;
				CLANG_WARN_BOOL_CONVERSION = YES;
				CLANG_WARN_CONSTANT_CONVERSION = YES;
				CLANG_WARN_DIRECT_OBJC_ISA_USAGE = YES_ERROR;
				CLANG_WARN_EMPTY_BODY = YES;
				CLANG_WARN_ENUM_CONVERSION = YES;
				CLANG_WARN_INT_CONVERSION = YES;
				CLANG_WARN_OBJC_ROOT_CLASS = YES_ERROR;
				CLANG_WARN__DUPLICATE_METHOD_MATCH = YES;
				COPY_PHASE_STRIP = YES;
				ENABLE_NS_ASSERTIONS = NO;
				GCC_C_LANGUAGE_STANDARD = gnu99;
				GCC_WARN_64_TO_32_BIT_CONVERSION = YES;
				GCC_WARN_ABOUT_RETURN_TYPE = YES_ERROR;
				GCC_WARN_UNDECLARED_SELECTOR = YES;
				GCC_WARN_UNINITIALIZED_AUTOS = YES;
				GCC_WARN_UNUSED_FUNCTION = YES;
				GCC_WARN_UNUSED_VARIABLE = YES;
				IPHONEOS_DEPLOYMENT_TARGET = 6.0;
				SDKROOT = iphoneos;
				VALIDATE_PRODUCT = YES;
			};
			name = Release;
		};
		ECEA612218A49C620064AFF4 /* Debug */ = {
			isa = XCBuildConfiguration;
			buildSettings = {
				COPY_PHASE_STRIP = NO;
				DEAD_CODE_STRIPPING = NO;
				DSTROOT = /tmp/FBShimmering.dst;
				GCC_PRECOMPILE_PREFIX_HEADER = YES;
				GCC_PREFIX_HEADER = "FBShimmering/FBShimmering-Prefix.pch";
				OTHER_LDFLAGS = "-ObjC";
				PRODUCT_NAME = "$(TARGET_NAME)";
				PUBLIC_HEADERS_FOLDER_PATH = "$(PROJECT_NAME)Headers";
				SKIP_INSTALL = YES;
				STRIP_STYLE = "non-global";
			};
			name = Debug;
		};
		ECEA612318A49C620064AFF4 /* Release */ = {
			isa = XCBuildConfiguration;
			buildSettings = {
				COPY_PHASE_STRIP = NO;
				DEAD_CODE_STRIPPING = NO;
				DSTROOT = /tmp/FBShimmering.dst;
				GCC_PRECOMPILE_PREFIX_HEADER = YES;
				GCC_PREFIX_HEADER = "FBShimmering/FBShimmering-Prefix.pch";
				OTHER_LDFLAGS = "-ObjC";
				PRODUCT_NAME = "$(TARGET_NAME)";
				PUBLIC_HEADERS_FOLDER_PATH = "$(PROJECT_NAME)Headers";
				SKIP_INSTALL = YES;
				STRIP_STYLE = "non-global";
			};
			name = Release;
		};
/* End XCBuildConfiguration section */

/* Begin XCConfigurationList section */
		A1C8E0C01E13C0C9002D6069 /* Build configuration list for PBXNativeTarget "Shimmer" */ = {
			isa = XCConfigurationList;
			buildConfigurations = (
				A1C8E0C11E13C0C9002D6069 /* Debug */,
				A1C8E0C21E13C0C9002D6069 /* Release */,
			);
			defaultConfigurationIsVisible = 0;
			defaultConfigurationName = Release;
		};
		ECEA60F918A49C620064AFF4 /* Build configuration list for PBXProject "FBShimmering" */ = {
			isa = XCConfigurationList;
			buildConfigurations = (
				ECEA611F18A49C620064AFF4 /* Debug */,
				ECEA612018A49C620064AFF4 /* Release */,
			);
			defaultConfigurationIsVisible = 0;
			defaultConfigurationName = Release;
		};
		ECEA612118A49C620064AFF4 /* Build configuration list for PBXNativeTarget "FBShimmering" */ = {
			isa = XCConfigurationList;
			buildConfigurations = (
				ECEA612218A49C620064AFF4 /* Debug */,
				ECEA612318A49C620064AFF4 /* Release */,
			);
			defaultConfigurationIsVisible = 0;
			defaultConfigurationName = Release;
		};
/* End XCConfigurationList section */
	};
	rootObject = ECEA60F618A49C620064AFF4 /* Project object */;
}
